
Microsoft Visual Studio Solution File, Format Version 12.00
# Visual Studio Version 17
VisualStudioVersion = 17.3.32901.215
MinimumVisualStudioVersion = 10.0.40219.1
Project("{FAE04EC0-301F-11D3-BF4B-00C04F79EFBC}") = "PairsAssignment", "PairsAssignment.csproj", "{71F762A7-2A0C-4689-B226-F87FD710FA68}"
EndProject
Global
	GlobalSection(SolutionConfigurationPlatforms) = preSolution
		Debug|Any CPU = Debug|Any CPU
		Release|Any CPU = Release|Any CPU
	EndGlobalSection
	GlobalSection(ProjectConfigurationPlatforms) = postSolution
		{71F762A7-2A0C-4689-B226-F87FD710FA68}.Debug|Any CPU.ActiveCfg = Debug|Any CPU
		{71F762A7-2A0C-4689-B226-F87FD710FA68}.Debug|Any CPU.Build.0 = Debug|Any CPU
		{71F762A7-2A0C-4689-B226-F87FD710FA68}.Release|Any CPU.ActiveCfg = Release|Any CPU
		{71F762A7-2A0C-4689-B226-F87FD710FA68}.Release|Any CPU.Build.0 = Release|Any CPU
	EndGlobalSection
	GlobalSection(SolutionProperties) = preSolution
		HideSolutionNode = FALSE
	EndGlobalSection
	GlobalSection(ExtensibilityGlobals) = postSolution
		SolutionGuid = {B49608A7-4BCA-459B-A66E-C450363957FB}
	EndGlobalSection
EndGlobal
